
Microsoft Visual Studio Solution File, Format Version 12.00
# Visual Studio Version 17
VisualStudioVersion = 17.0.31903.59
MinimumVisualStudioVersion = 10.0.40219.1
Project("{2150E333-8FDC-42A3-9474-1A3956D46DE8}") = "src", "src", "{827E0CD3-B72D-47B6-A68D-7590B98EB39B}"
EndProject
Project("{FAE04EC0-301F-11D3-BF4B-00C04F79EFBC}") = "TaskFlow.API", "src\TaskFlow.API\TaskFlow.API.csproj", "{2D27D9CE-60A9-48D7-9685-DEA18053614E}"
EndProject
Project("{FAE04EC0-301F-11D3-BF4B-00C04F79EFBC}") = "TaskFlow.Domain", "src\TaskFlow.Domain\TaskFlow.Domain.csproj", "{E073BFD8-3517-454B-B254-C3955415AEDE}"
EndProject
Project("{FAE04EC0-301F-11D3-BF4B-00C04F79EFBC}") = "TaskFlow.Application", "src\TaskFlow.Application\TaskFlow.Application.csproj", "{70CE629C-A1A7-44E3-8084-A97CE03141C9}"
EndProject
Project("{FAE04EC0-301F-11D3-BF4B-00C04F79EFBC}") = "TaskFlow.Infrastructure", "src\TaskFlow.Infrastructure\TaskFlow.Infrastructure.csproj", "{B9FEB223-8191-4AC4-B2AE-4A18BA282570}"
EndProject
Project("{FAE04EC0-301F-11D3-BF4B-00C04F79EFBC}") = "TaskFlow.Contracts", "src\TaskFlow.Contracts\TaskFlow.Contracts.csproj", "{D1F2FBAD-2000-4146-BE46-440934B0032F}"
EndProject
Project("{FAE04EC0-301F-11D3-BF4B-00C04F79EFBC}") = "TaskFlow.NotificationWorker", "src\TaskFlow.NotificationWorker\TaskFlow.NotificationWorker.csproj", "{678C126D-F5EB-4ED2-85ED-39836DA7503F}"
EndProject
Global
	GlobalSection(SolutionConfigurationPlatforms) = preSolution
		Debug|Any CPU = Debug|Any CPU
		Debug|x64 = Debug|x64
		Debug|x86 = Debug|x86
		Release|Any CPU = Release|Any CPU
		Release|x64 = Release|x64
		Release|x86 = Release|x86
	EndGlobalSection
	GlobalSection(ProjectConfigurationPlatforms) = postSolution
		{2D27D9CE-60A9-48D7-9685-DEA18053614E}.Debug|Any CPU.ActiveCfg = Debug|Any CPU
		{2D27D9CE-60A9-48D7-9685-DEA18053614E}.Debug|Any CPU.Build.0 = Debug|Any CPU
		{2D27D9CE-60A9-48D7-9685-DEA18053614E}.Debug|x64.ActiveCfg = Debug|Any CPU
		{2D27D9CE-60A9-48D7-9685-DEA18053614E}.Debug|x64.Build.0 = Debug|Any CPU
		{2D27D9CE-60A9-48D7-9685-DEA18053614E}.Debug|x86.ActiveCfg = Debug|Any CPU
		{2D27D9CE-60A9-48D7-9685-DEA18053614E}.Debug|x86.Build.0 = Debug|Any CPU
		{2D27D9CE-60A9-48D7-9685-DEA18053614E}.Release|Any CPU.ActiveCfg = Release|Any CPU
		{2D27D9CE-60A9-48D7-9685-DEA18053614E}.Release|Any CPU.Build.0 = Release|Any CPU
		{2D27D9CE-60A9-48D7-9685-DEA18053614E}.Release|x64.ActiveCfg = Release|Any CPU
		{2D27D9CE-60A9-48D7-9685-DEA18053614E}.Release|x64.Build.0 = Release|Any CPU
		{2D27D9CE-60A9-48D7-9685-DEA18053614E}.Release|x86.ActiveCfg = Release|Any CPU
		{2D27D9CE-60A9-48D7-9685-DEA18053614E}.Release|x86.Build.0 = Release|Any CPU
		{E073BFD8-3517-454B-B254-C3955415AEDE}.Debug|Any CPU.ActiveCfg = Debug|Any CPU
		{E073BFD8-3517-454B-B254-C3955415AEDE}.Debug|Any CPU.Build.0 = Debug|Any CPU
		{E073BFD8-3517-454B-B254-C3955415AEDE}.Debug|x64.ActiveCfg = Debug|Any CPU
		{E073BFD8-3517-454B-B254-C3955415AEDE}.Debug|x64.Build.0 = Debug|Any CPU
		{E073BFD8-3517-454B-B254-C3955415AEDE}.Debug|x86.ActiveCfg = Debug|Any CPU
		{E073BFD8-3517-454B-B254-C3955415AEDE}.Debug|x86.Build.0 = Debug|Any CPU
		{E073BFD8-3517-454B-B254-C3955415AEDE}.Release|Any CPU.ActiveCfg = Release|Any CPU
		{E073BFD8-3517-454B-B254-C3955415AEDE}.Release|Any CPU.Build.0 = Release|Any CPU
		{E073BFD8-3517-454B-B254-C3955415AEDE}.Release|x64.ActiveCfg = Release|Any CPU
		{E073BFD8-3517-454B-B254-C3955415AEDE}.Release|x64.Build.0 = Release|Any CPU
		{E073BFD8-3517-454B-B254-C3955415AEDE}.Release|x86.ActiveCfg = Release|Any CPU
		{E073BFD8-3517-454B-B254-C3955415AEDE}.Release|x86.Build.0 = Release|Any CPU
		{70CE629C-A1A7-44E3-8084-A97CE03141C9}.Debug|Any CPU.ActiveCfg = Debug|Any CPU
		{70CE629C-A1A7-44E3-8084-A97CE03141C9}.Debug|Any CPU.Build.0 = Debug|Any CPU
		{70CE629C-A1A7-44E3-8084-A97CE03141C9}.Debug|x64.ActiveCfg = Debug|Any CPU
		{70CE629C-A1A7-44E3-8084-A97CE03141C9}.Debug|x64.Build.0 = Debug|Any CPU
		{70CE629C-A1A7-44E3-8084-A97CE03141C9}.Debug|x86.ActiveCfg = Debug|Any CPU
		{70CE629C-A1A7-44E3-8084-A97CE03141C9}.Debug|x86.Build.0 = Debug|Any CPU
		{70CE629C-A1A7-44E3-8084-A97CE03141C9}.Release|Any CPU.ActiveCfg = Release|Any CPU
		{70CE629C-A1A7-44E3-8084-A97CE03141C9}.Release|Any CPU.Build.0 = Release|Any CPU
		{70CE629C-A1A7-44E3-8084-A97CE03141C9}.Release|x64.ActiveCfg = Release|Any CPU
		{70CE629C-A1A7-44E3-8084-A97CE03141C9}.Release|x64.Build.0 = Release|Any CPU
		{70CE629C-A1A7-44E3-8084-A97CE03141C9}.Release|x86.ActiveCfg = Release|Any CPU
		{70CE629C-A1A7-44E3-8084-A97CE03141C9}.Release|x86.Build.0 = Release|Any CPU
		{B9FEB223-8191-4AC4-B2AE-4A18BA282570}.Debug|Any CPU.ActiveCfg = Debug|Any CPU
		{B9FEB223-8191-4AC4-B2AE-4A18BA282570}.Debug|Any CPU.Build.0 = Debug|Any CPU
		{B9FEB223-8191-4AC4-B2AE-4A18BA282570}.Debug|x64.ActiveCfg = Debug|Any CPU
		{B9FEB223-8191-4AC4-B2AE-4A18BA282570}.Debug|x64.Build.0 = Debug|Any CPU
		{B9FEB223-8191-4AC4-B2AE-4A18BA282570}.Debug|x86.ActiveCfg = Debug|Any CPU
		{B9FEB223-8191-4AC4-B2AE-4A18BA282570}.Debug|x86.Build.0 = Debug|Any CPU
		{B9FEB223-8191-4AC4-B2AE-4A18BA282570}.Release|Any CPU.ActiveCfg = Release|Any CPU
		{B9FEB223-8191-4AC4-B2AE-4A18BA282570}.Release|Any CPU.Build.0 = Release|Any CPU
		{B9FEB223-8191-4AC4-B2AE-4A18BA282570}.Release|x64.ActiveCfg = Release|Any CPU
		{B9FEB223-8191-4AC4-B2AE-4A18BA282570}.Release|x64.Build.0 = Release|Any CPU
		{B9FEB223-8191-4AC4-B2AE-4A18BA282570}.Release|x86.ActiveCfg = Release|Any CPU
		{B9FEB223-8191-4AC4-B2AE-4A18BA282570}.Release|x86.Build.0 = Release|Any CPU
		{D1F2FBAD-2000-4146-BE46-440934B0032F}.Debug|Any CPU.ActiveCfg = Debug|Any CPU
		{D1F2FBAD-2000-4146-BE46-440934B0032F}.Debug|Any CPU.Build.0 = Debug|Any CPU
		{D1F2FBAD-2000-4146-BE46-440934B0032F}.Debug|x64.ActiveCfg = Debug|Any CPU
		{D1F2FBAD-2000-4146-BE46-440934B0032F}.Debug|x64.Build.0 = Debug|Any CPU
		{D1F2FBAD-2000-4146-BE46-440934B0032F}.Debug|x86.ActiveCfg = Debug|Any CPU
		{D1F2FBAD-2000-4146-BE46-440934B0032F}.Debug|x86.Build.0 = Debug|Any CPU
		{D1F2FBAD-2000-4146-BE46-440934B0032F}.Release|Any CPU.ActiveCfg = Release|Any CPU
		{D1F2FBAD-2000-4146-BE46-440934B0032F}.Release|Any CPU.Build.0 = Release|Any CPU
		{D1F2FBAD-2000-4146-BE46-440934B0032F}.Release|x64.ActiveCfg = Release|Any CPU
		{D1F2FBAD-2000-4146-BE46-440934B0032F}.Release|x64.Build.0 = Release|Any CPU
		{D1F2FBAD-2000-4146-BE46-440934B0032F}.Release|x86.ActiveCfg = Release|Any CPU
		{D1F2FBAD-2000-4146-BE46-440934B0032F}.Release|x86.Build.0 = Release|Any CPU
		{678C126D-F5EB-4ED2-85ED-39836DA7503F}.Debug|Any CPU.ActiveCfg = Debug|Any CPU
		{678C126D-F5EB-4ED2-85ED-39836DA7503F}.Debug|Any CPU.Build.0 = Debug|Any CPU
		{678C126D-F5EB-4ED2-85ED-39836DA7503F}.Debug|x64.ActiveCfg = Debug|Any CPU
		{678C126D-F5EB-4ED2-85ED-39836DA7503F}.Debug|x64.Build.0 = Debug|Any CPU
		{678C126D-F5EB-4ED2-85ED-39836DA7503F}.Debug|x86.ActiveCfg = Debug|Any CPU
		{678C126D-F5EB-4ED2-85ED-39836DA7503F}.Debug|x86.Build.0 = Debug|Any CPU
		{678C126D-F5EB-4ED2-85ED-39836DA7503F}.Release|Any CPU.ActiveCfg = Release|Any CPU
		{678C126D-F5EB-4ED2-85ED-39836DA7503F}.Release|Any CPU.Build.0 = Release|Any CPU
		{678C126D-F5EB-4ED2-85ED-39836DA7503F}.Release|x64.ActiveCfg = Release|Any CPU
		{678C126D-F5EB-4ED2-85ED-39836DA7503F}.Release|x64.Build.0 = Release|Any CPU
		{678C126D-F5EB-4ED2-85ED-39836DA7503F}.Release|x86.ActiveCfg = Release|Any CPU
		{678C126D-F5EB-4ED2-85ED-39836DA7503F}.Release|x86.Build.0 = Release|Any CPU
	EndGlobalSection
	GlobalSection(SolutionProperties) = preSolution
		HideSolutionNode = FALSE
	EndGlobalSection
	GlobalSection(NestedProjects) = preSolution
		{2D27D9CE-60A9-48D7-9685-DEA18053614E} = {827E0CD3-B72D-47B6-A68D-7590B98EB39B}
		{E073BFD8-3517-454B-B254-C3955415AEDE} = {827E0CD3-B72D-47B6-A68D-7590B98EB39B}
		{70CE629C-A1A7-44E3-8084-A97CE03141C9} = {827E0CD3-B72D-47B6-A68D-7590B98EB39B}
		{B9FEB223-8191-4AC4-B2AE-4A18BA282570} = {827E0CD3-B72D-47B6-A68D-7590B98EB39B}
		{D1F2FBAD-2000-4146-BE46-440934B0032F} = {827E0CD3-B72D-47B6-A68D-7590B98EB39B}
		{678C126D-F5EB-4ED2-85ED-39836DA7503F} = {827E0CD3-B72D-47B6-A68D-7590B98EB39B}
	EndGlobalSection
EndGlobal
